{
  "name": "mailer",
  "version": "1.0.0",
  "lockfileVersion": 1,
  "requires": true,
  "dependencies": {
    "gmail-send": {
      "version": "1.2.11",
      "resolved": "https://registry.npmjs.org/gmail-send/-/gmail-send-1.2.11.tgz",
      "integrity": "sha1-8jN7dM6uvKnFpj7SGQIyRyUBxD4=",
      "requires": {
        "lodash": "4.17.4",
        "nodemailer": "4.4.1"
      }
    },
    "lodash": {
      "version": "4.17.4",
      "resolved": "https://registry.npmjs.org/lodash/-/lodash-4.17.4.tgz",
      "integrity": "sha1-eCA6TRwyiuHYbcpkYONptX9AVa4="
    },
    "nodemailer": {
      "version": "4.4.1",
      "resolved": "https://registry.npmjs.org/nodemailer/-/nodemailer-4.4.1.tgz",
      "integrity": "sha512-1bnszJJXatcHJhLpxQ1XMkLDjCjPKvGKMtRQ73FOsoNln3UQjddEQmz6fAwM3aj0GtQ3dQX9qtMHPelz63GU7A=="
    },
    "readline": {
      "version": "1.3.0",
      "resolved": "https://registry.npmjs.org/readline/-/readline-1.3.0.tgz",
      "integrity": "sha1-xYDXfvLPyHUrEySYBg3JeTp6wBw="
    }
  }
}
